
Microsoft Visual Studio Solution File, Format Version 12.00
# Visual Studio Version 17
VisualStudioVersion = 17.4.33213.308
MinimumVisualStudioVersion = 10.0.40219.1
Project("{FAE04EC0-301F-11D3-BF4B-00C04F79EFBC}") = "AttendanceAndEventSchedulingSystem", "AttendanceAndEventSchedulingSystem\AttendanceAndEventSchedulingSystem.csproj", "{F105E1A8-EFCB-4285-92FE-846FF1AB7051}"
EndProject
Global
	GlobalSection(SolutionConfigurationPlatforms) = preSolution
		Debug|Any CPU = Debug|Any CPU
		Release|Any CPU = Release|Any CPU
	EndGlobalSection
	GlobalSection(ProjectConfigurationPlatforms) = postSolution
		{F105E1A8-EFCB-4285-92FE-846FF1AB7051}.Debug|Any CPU.ActiveCfg = Debug|Any CPU
		{F105E1A8-EFCB-4285-92FE-846FF1AB7051}.Debug|Any CPU.Build.0 = Debug|Any CPU
		{F105E1A8-EFCB-4285-92FE-846FF1AB7051}.Release|Any CPU.ActiveCfg = Release|Any CPU
		{F105E1A8-EFCB-4285-92FE-846FF1AB7051}.Release|Any CPU.Build.0 = Release|Any CPU
	EndGlobalSection
	GlobalSection(SolutionProperties) = preSolution
		HideSolutionNode = FALSE
	EndGlobalSection
	GlobalSection(ExtensibilityGlobals) = postSolution
		SolutionGuid = {FBCCD826-CEDB-416F-906E-ECA9275AE853}
	EndGlobalSection
EndGlobal
